// !$*UTF8*$!
{
	archiveVersion = 1;
	classes = {
	};
	objectVersion = 46;
	objects = {

/* Begin PBXBuildFile section */
		DCEF29331E13F28D0002BACA /* AppDelegate.swift in Sources */ = {isa = PBXBuildFile; fileRef = DCEF29321E13F28D0002BACA /* AppDelegate.swift */; };
		DCEF29351E13F28D0002BACA /* ViewController.swift in Sources */ = {isa = PBXBuildFile; fileRef = DCEF29341E13F28D0002BACA /* ViewController.swift */; };
		DCEF29381E13F28D0002BACA /* Main.storyboard in Resources */ = {isa = PBXBuildFile; fileRef = DCEF29361E13F28D0002BACA /* Main.storyboard */; };
		DCEF293A1E13F28D0002BACA /* Assets.xcassets in Resources */ = {isa = PBXBuildFile; fileRef = DCEF29391E13F28D0002BACA /* Assets.xcassets */; };
		DCEF293D1E13F28D0002BACA /* LaunchScreen.storyboard in Resources */ = {isa = PBXBuildFile; fileRef = DCEF293B1E13F28D0002BACA /* LaunchScreen.storyboard */; };
/* End PBXBuildFile section */

/* Begin PBXFileReference section */
		DCEF292F1E13F28D0002BACA /* testReleases.app */ = {isa = PBXFileReference; explicitFileType = wrapper.application; includeInIndex = 0; path = testReleases.app; sourceTree = BUILT_PRODUCTS_DIR; };
		DCEF29321E13F28D0002BACA /* AppDelegate.swift */ = {isa = PBXFileReference; lastKnownFileType = sourcecode.swift; path = AppDelegate.swift; sourceTree = "<group>"; };
		DCEF29341E13F28D0002BACA /* ViewController.swift */ = {isa = PBXFileReference; lastKnownFileType = sourcecode.swift; path = ViewController.swift; sourceTree = "<group>"; };
		DCEF29371E13F28D0002BACA /* Base */ = {isa = PBXFileReference; lastKnownFileType = file.storyboard; name = Base; path = Base.lproj/Main.storyboard; sourceTree = "<group>"; };
		DCEF29391E13F28D0002BACA /* Assets.xcassets */ = {isa = PBXFileReference; lastKnownFileType = folder.assetcatalog; path = Assets.xcassets; sourceTree = "<group>"; };
		DCEF293C1E13F28D0002BACA /* Base */ = {isa = PBXFileReference; lastKnownFileType = file.storyboard; name = Base; path = Base.lproj/LaunchScreen.storyboard; sourceTree = "<group>"; };
		DCEF293E1E13F28D0002BACA /* Info.plist */ = {isa = PBXFileReference; lastKnownFileType = text.plist.xml; path = Info.plist; sourceTree = "<group>"; };
/* End PBXFileReference section */

/* Begin PBXFrameworksBuildPhase section */
		DCEF292C1E13F28D0002BACA /* Frameworks */ = {
			isa = PBXFrameworksBuildPhase;
			buildActionMask = 2147483647;
			files = (
			);
			runOnlyForDeploymentPostprocessing = 0;
		};
/* End PBXFrameworksBuildPhase section */

/* Begin PBXGroup section */
		DCEF29261E13F28D0002BACA = {
			isa = PBXGroup;
			children = (
				DCEF29311E13F28D0002BACA /* testReleases */,
				DCEF29301E13F28D0002BACA /* Products */,
			);
			sourceTree = "<group>";
		};
		DCEF29301E13F28D0002BACA /* Products */ = {
			isa = PBXGroup;
			children = (
				DCEF292F1E13F28D0002BACA /* testReleases.app */,
			);
			name = Products;
			sourceTree = "<group>";
		};
		DCEF29311E13F28D0002BACA /* testReleases */ = {
			isa = PBXGroup;
			children = (
				DCEF29321E13F28D0002BACA /* AppDelegate.swift */,
				DCEF29341E13F28D0002BACA /* ViewController.swift */,
				DCEF29361E13F28D0002BACA /* Main.storyboard */,
				DCEF29391E13F28D0002BACA /* Assets.xcassets */,
				DCEF293B1E13F28D0002BACA /* LaunchScreen.storyboard */,
				DCEF293E1E13F28D0002BACA /* Info.plist */,
			);
			path = testReleases;
			sourceTree = "<group>";
		};
/* End PBXGroup section */

/* Begin PBXNativeTarget section */
		DCEF292E1E13F28D0002BACA /* testReleases */ = {
			isa = PBXNativeTarget;
			buildConfigurationList = DCEF29411E13F28D0002BACA /* Build configuration list for PBXNativeTarget "testReleases" */;
			buildPhases = (
				DCEF292B1E13F28D0002BACA /* Sources */,
				DCEF292C1E13F28D0002BACA /* Frameworks */,
				DCEF292D1E13F28D0002BACA /* Resources */,
			);
			buildRules = (
			);
			dependencies = (
			);
			name = testReleases;
			productName = testReleases;
			productReference = DCEF292F1E13F28D0002BACA /* testReleases.app */;
			productType = "com.apple.product-type.application";
		};
/* End PBXNativeTarget section */

/* Begin PBXProject section */
		DCEF29271E13F28D0002BACA /* Project object */ = {
			isa = PBXProject;
			attributes = {
				LastSwiftUpdateCheck = 0810;
				LastUpgradeCheck = 0810;
				ORGANIZATIONNAME = "Anton Halenda";
				TargetAttributes = {
					DCEF292E1E13F28D0002BACA = {
						CreatedOnToolsVersion = 8.1;
						DevelopmentTeam = EA242T4WX3;
						ProvisioningStyle = Automatic;
					};
				};
			};
			buildConfigurationList = DCEF292A1E13F28D0002BACA /* Build configuration list for PBXProject "testReleases" */;
			compatibilityVersion = "Xcode 3.2";
			developmentRegion = English;
			hasScannedForEncodings = 0;
			knownRegions = (
				en,
				Base,
			);
			mainGroup = DCEF29261E13F28D0002BACA;
			productRefGroup = DCEF29301E13F28D0002BACA /* Products */;
			projectDirPath = "";
			projectRoot = "";
			targets = (
				DCEF292E1E13F28D0002BACA /* testReleases */,
			);
		};
/* End PBXProject section */

/* Begin PBXResourcesBuildPhase section */
		DCEF292D1E13F28D0002BACA /* Resources */ = {
			isa = PBXResourcesBuildPhase;
			buildActionMask = 2147483647;
			files = (
				DCEF293D1E13F28D0002BACA /* LaunchScreen.storyboard in Resources */,
				DCEF293A1E13F28D0002BACA /* Assets.xcassets in Resources */,
				DCEF29381E13F28D0002BACA /* Main.storyboard in Resources */,
			);
			runOnlyForDeploymentPostprocessing = 0;
		};
/* End PBXResourcesBuildPhase section */

/* Begin PBXSourcesBuildPhase section */
		DCEF292B1E13F28D0002BACA /* Sources */ = {
			isa = PBXSourcesBuildPhase;
			buildActionMask = 2147483647;
			files = (
				DCEF29351E13F28D0002BACA /* ViewController.swift in Sources */,
				DCEF29331E13F28D0002BACA /* AppDelegate.swift in Sources */,
			);
			runOnlyForDeploymentPostprocessing = 0;
		};
/* End PBXSourcesBuildPhase section */

/* Begin PBXVariantGroup section */
		DCEF29361E13F28D0002BACA /* Main.storyboard */ = {
			isa = PBXVariantGroup;
			children = (
				DCEF29371E13F28D0002BACA /* Base */,
			);
			name = Main.storyboard;
			sourceTree = "<group>";
		};
		DCEF293B1E13F28D0002BACA /* LaunchScreen.storyboard */ = {
			isa = PBXVariantGroup;
			children = (
				DCEF293C1E13F28D0002BACA /* Base */,
			);
			name = LaunchScreen.storyboard;
			sourceTree = "<group>";
		};
/* End PBXVariantGroup section */

/* Begin XCBuildConfiguration section */
		DCEF293F1E13F28D0002BACA /* Debug */ = {
			isa = XCBuildConfiguration;
			buildSettings = {
				ALWAYS_SEARCH_USER_PATHS = NO;
				CLANG_ANALYZER_NONNULL = YES;
				CLANG_CXX_LANGUAGE_STANDARD = "gnu++0x";
				CLANG_CXX_LIBRARY = "libc++";
				CLANG_ENABLE_MODULES = YES;
				CLANG_ENABLE_OBJC_ARC = YES;
				CLANG_WARN_BOOL_CONVERSION = YES;
				CLANG_WARN_CONSTANT_CONVERSION = YES;
				CLANG_WARN_DIRECT_OBJC_ISA_USAGE = YES_ERROR;
				CLANG_WARN_DOCUMENTATION_COMMENTS = YES;
				CLANG_WARN_EMPTY_BODY = YES;
				CLANG_WARN_ENUM_CONVERSION = YES;
				CLANG_WARN_INFINITE_RECURSION = YES;
				CLANG_WARN_INT_CONVERSION = YES;
				CLANG_WARN_OBJC_ROOT_CLASS = YES_ERROR;
				CLANG_WARN_SUSPICIOUS_MOVES = YES;
				CLANG_WARN_UNREACHABLE_CODE = YES;
				CLANG_WARN__DUPLICATE_METHOD_MATCH = YES;
				"CODE_SIGN_IDENTITY[sdk=iphoneos*]" = "iPhone Developer";
				COPY_PHASE_STRIP = NO;
				DEBUG_INFORMATION_FORMAT = dwarf;
				ENABLE_STRICT_OBJC_MSGSEND = YES;
				ENABLE_TESTABILITY = YES;
				GCC_C_LANGUAGE_STANDARD = gnu99;
				GCC_DYNAMIC_NO_PIC = NO;
				GCC_NO_COMMON_BLOCKS = YES;
				GCC_OPTIMIZATION_LEVEL = 0;
				GCC_PREPROCESSOR_DEFINITIONS = (
					"DEBUG=1",
					"$(inherited)",
				);
				GCC_WARN_64_TO_32_BIT_CONVERSION = YES;
				GCC_WARN_ABOUT_RETURN_TYPE = YES_ERROR;
				GCC_WARN_UNDECLARED_SELECTOR = YES;
				GCC_WARN_UNINITIALIZED_AUTOS = YES_AGGRESSIVE;
				GCC_WARN_UNUSED_FUNCTION = YES;
				GCC_WARN_UNUSED_VARIABLE = YES;
				IPHONEOS_DEPLOYMENT_TARGET = 10.1;
				MTL_ENABLE_DEBUG_INFO = YES;
				ONLY_ACTIVE_ARCH = YES;
				SDKROOT = iphoneos;
				SWIFT_ACTIVE_COMPILATION_CONDITIONS = DEBUG;
				SWIFT_OPTIMIZATION_LEVEL = "-Onone";
			};
			name = Debug;
		};
		DCEF29401E13F28D0002BACA /* Release */ = {
			isa = XCBuildConfiguration;
			buildSettings = {
				ALWAYS_SEARCH_USER_PATHS = NO;
				CLANG_ANALYZER_NONNULL = YES;
				CLANG_CXX_LANGUAGE_STANDARD = "gnu++0x";
				CLANG_CXX_LIBRARY = "libc++";
				CLANG_ENABLE_MODULES = YES;
				CLANG_ENABLE_OBJC_ARC = YES;
				CLANG_WARN_BOOL_CONVERSION = YES;
				CLANG_WARN_CONSTANT_CONVERSION = YES;
				CLANG_WARN_DIRECT_OBJC_ISA_USAGE = YES_ERROR;
				CLANG_WARN_DOCUMENTATION_COMMENTS = YES;
				CLANG_WARN_EMPTY_BODY = YES;
				CLANG_WARN_ENUM_CONVERSION = YES;
				CLANG_WARN_INFINITE_RECURSION = YES;
				CLANG_WARN_INT_CONVERSION = YES;
				CLANG_WARN_OBJC_ROOT_CLASS = YES_ERROR;
				CLANG_WARN_SUSPICIOUS_MOVES = YES;
				CLANG_WARN_UNREACHABLE_CODE = YES;
				CLANG_WARN__DUPLICATE_METHOD_MATCH = YES;
				"CODE_SIGN_IDENTITY[sdk=iphoneos*]" = "iPhone Developer";
				COPY_PHASE_STRIP = NO;
				DEBUG_INFORMATION_FORMAT = "dwarf-with-dsym";
				ENABLE_NS_ASSERTIONS = NO;
				ENABLE_STRICT_OBJC_MSGSEND = YES;
				GCC_C_LANGUAGE_STANDARD = gnu99;
				GCC_NO_COMMON_BLOCKS = YES;
				GCC_WARN_64_TO_32_BIT_CONVERSION = YES;
				GCC_WARN_ABOUT_RETURN_TYPE = YES_ERROR;
				GCC_WARN_UNDECLARED_SELECTOR = YES;
				GCC_WARN_UNINITIALIZED_AUTOS = YES_AGGRESSIVE;
				GCC_WARN_UNUSED_FUNCTION = YES;
				GCC_WARN_UNUSED_VARIABLE = YES;
				IPHONEOS_DEPLOYMENT_TARGET = 10.1;
				MTL_ENABLE_DEBUG_INFO = NO;
				SDKROOT = iphoneos;
				SWIFT_OPTIMIZATION_LEVEL = "-Owholemodule";
				VALIDATE_PRODUCT = YES;
			};
			name = Release;
		};
		DCEF29421E13F28D0002BACA /* Debug */ = {
			isa = XCBuildConfiguration;
			buildSettings = {
				ASSETCATALOG_COMPILER_APPICON_NAME = AppIcon;
				DEVELOPMENT_TEAM = EA242T4WX3;
				INFOPLIST_FILE = testReleases/Info.plist;
				LD_RUNPATH_SEARCH_PATHS = "$(inherited) @executable_path/Frameworks";
				PRODUCT_BUNDLE_IDENTIFIER = "com.-andersenlab.testReleases";
				PRODUCT_NAME = "$(TARGET_NAME)";
				SWIFT_VERSION = 3.0;
			};
			name = Debug;
		};
		DCEF29431E13F28D0002BACA /* Release */ = {
			isa = XCBuildConfiguration;
			buildSettings = {
				ASSETCATALOG_COMPILER_APPICON_NAME = AppIcon;
				DEVELOPMENT_TEAM = EA242T4WX3;
				INFOPLIST_FILE = testReleases/Info.plist;
				LD_RUNPATH_SEARCH_PATHS = "$(inherited) @executable_path/Frameworks";
				PRODUCT_BUNDLE_IDENTIFIER = "com.-andersenlab.testReleases";
				PRODUCT_NAME = "$(TARGET_NAME)";
				SWIFT_VERSION = 3.0;
			};
			name = Release;
		};
/* End XCBuildConfiguration section */

/* Begin XCConfigurationList section */
		DCEF292A1E13F28D0002BACA /* Build configuration list for PBXProject "testReleases" */ = {
			isa = XCConfigurationList;
			buildConfigurations = (
				DCEF293F1E13F28D0002BACA /* Debug */,
				DCEF29401E13F28D0002BACA /* Release */,
			);
			defaultConfigurationIsVisible = 0;
			defaultConfigurationName = Release;
		};
		DCEF29411E13F28D0002BACA /* Build configuration list for PBXNativeTarget "testReleases" */ = {
			isa = XCConfigurationList;
			buildConfigurations = (
				DCEF29421E13F28D0002BACA /* Debug */,
				DCEF29431E13F28D0002BACA /* Release */,
			);
			defaultConfigurationIsVisible = 0;
		};
/* End XCConfigurationList section */
	};
	rootObject = DCEF29271E13F28D0002BACA /* Project object */;
}
